// !$*UTF8*$!
{
	archiveVersion = 1;
	classes = {
	};
	objectVersion = 56;
	objects = {

/* Begin PBXBuildFile section */
		F45693A22C2D9B3100444967 /* casinoslotApp.swift in Sources */ = {isa = PBXBuildFile; fileRef = F45693A12C2D9B3100444967 /* casinoslotApp.swift */; };
		F45693A42C2D9B3100444967 /* ContentView.swift in Sources */ = {isa = PBXBuildFile; fileRef = F45693A32C2D9B3100444967 /* ContentView.swift */; };
		F45693A62C2D9B3300444967 /* Assets.xcassets in Resources */ = {isa = PBXBuildFile; fileRef = F45693A52C2D9B3300444967 /* Assets.xcassets */; };
		F45693B32C2D9B3300444967 /* casinoslotTests.swift in Sources */ = {isa = PBXBuildFile; fileRef = F45693B22C2D9B3300444967 /* casinoslotTests.swift */; };
		F45693BD2C2D9B3300444967 /* casinoslotUITests.swift in Sources */ = {isa = PBXBuildFile; fileRef = F45693BC2C2D9B3300444967 /* casinoslotUITests.swift */; };
		F45693BF2C2D9B3300444967 /* casinoslotUITestsLaunchTests.swift in Sources */ = {isa = PBXBuildFile; fileRef = F45693BE2C2D9B3300444967 /* casinoslotUITestsLaunchTests.swift */; };
		F45693CF2C2D9BBA00444967 /* HOMEVIEW.swift in Sources */ = {isa = PBXBuildFile; fileRef = F45693CE2C2D9BBA00444967 /* HOMEVIEW.swift */; };
		F45693D12C2D9D1D00444967 /* HeaderView.swift in Sources */ = {isa = PBXBuildFile; fileRef = F45693D02C2D9D1D00444967 /* HeaderView.swift */; };
		F45693D32C2DFCBA00444967 /* TabView.swift in Sources */ = {isa = PBXBuildFile; fileRef = F45693D22C2DFCBA00444967 /* TabView.swift */; };
		F45693D52C2EE2C900444967 /* AddBalanceView.swift in Sources */ = {isa = PBXBuildFile; fileRef = F45693D42C2EE2C900444967 /* AddBalanceView.swift */; };
		F45693D72C2EF93B00444967 /* SlotView.swift in Sources */ = {isa = PBXBuildFile; fileRef = F45693D62C2EF93B00444967 /* SlotView.swift */; };
		F45693DA2C2F235D00444967 /* ModelViewOne.swift in Sources */ = {isa = PBXBuildFile; fileRef = F45693D92C2F235D00444967 /* ModelViewOne.swift */; };
		F45693DC2C3C6F8B00444967 /* headerUser.swift in Sources */ = {isa = PBXBuildFile; fileRef = F45693DB2C3C6F8B00444967 /* headerUser.swift */; };
		F45693DE2C3C8EDC00444967 /* DepositView.swift in Sources */ = {isa = PBXBuildFile; fileRef = F45693DD2C3C8EDC00444967 /* DepositView.swift */; };
/* End PBXBuildFile section */

/* Begin PBXContainerItemProxy section */
		F45693AF2C2D9B3300444967 /* PBXContainerItemProxy */ = {
			isa = PBXContainerItemProxy;
			containerPortal = F45693962C2D9B3100444967 /* Project object */;
			proxyType = 1;
			remoteGlobalIDString = F456939D2C2D9B3100444967;
			remoteInfo = casinoslot;
		};
		F45693B92C2D9B3300444967 /* PBXContainerItemProxy */ = {
			isa = PBXContainerItemProxy;
			containerPortal = F45693962C2D9B3100444967 /* Project object */;
			proxyType = 1;
			remoteGlobalIDString = F456939D2C2D9B3100444967;
			remoteInfo = casinoslot;
		};
/* End PBXContainerItemProxy section */

/* Begin PBXFileReference section */
		F456939E2C2D9B3100444967 /* casinoslot.app */ = {isa = PBXFileReference; explicitFileType = wrapper.application; includeInIndex = 0; path = casinoslot.app; sourceTree = BUILT_PRODUCTS_DIR; };
		F45693A12C2D9B3100444967 /* casinoslotApp.swift */ = {isa = PBXFileReference; lastKnownFileType = sourcecode.swift; path = casinoslotApp.swift; sourceTree = "<group>"; };
		F45693A32C2D9B3100444967 /* ContentView.swift */ = {isa = PBXFileReference; lastKnownFileType = sourcecode.swift; path = ContentView.swift; sourceTree = "<group>"; };
		F45693A52C2D9B3300444967 /* Assets.xcassets */ = {isa = PBXFileReference; lastKnownFileType = folder.assetcatalog; path = Assets.xcassets; sourceTree = "<group>"; };
		F45693AE2C2D9B3300444967 /* casinoslotTests.xctest */ = {isa = PBXFileReference; explicitFileType = wrapper.cfbundle; includeInIndex = 0; path = casinoslotTests.xctest; sourceTree = BUILT_PRODUCTS_DIR; };
		F45693B22C2D9B3300444967 /* casinoslotTests.swift */ = {isa = PBXFileReference; lastKnownFileType = sourcecode.swift; path = casinoslotTests.swift; sourceTree = "<group>"; };
		F45693B82C2D9B3300444967 /* casinoslotUITests.xctest */ = {isa = PBXFileReference; explicitFileType = wrapper.cfbundle; includeInIndex = 0; path = casinoslotUITests.xctest; sourceTree = BUILT_PRODUCTS_DIR; };
		F45693BC2C2D9B3300444967 /* casinoslotUITests.swift */ = {isa = PBXFileReference; lastKnownFileType = sourcecode.swift; path = casinoslotUITests.swift; sourceTree = "<group>"; };
		F45693BE2C2D9B3300444967 /* casinoslotUITestsLaunchTests.swift */ = {isa = PBXFileReference; lastKnownFileType = sourcecode.swift; path = casinoslotUITestsLaunchTests.swift; sourceTree = "<group>"; };
		F45693CE2C2D9BBA00444967 /* HOMEVIEW.swift */ = {isa = PBXFileReference; lastKnownFileType = sourcecode.swift; path = HOMEVIEW.swift; sourceTree = "<group>"; };
		F45693D02C2D9D1D00444967 /* HeaderView.swift */ = {isa = PBXFileReference; lastKnownFileType = sourcecode.swift; path = HeaderView.swift; sourceTree = "<group>"; };
		F45693D22C2DFCBA00444967 /* TabView.swift */ = {isa = PBXFileReference; lastKnownFileType = sourcecode.swift; path = TabView.swift; sourceTree = "<group>"; };
		F45693D42C2EE2C900444967 /* AddBalanceView.swift */ = {isa = PBXFileReference; lastKnownFileType = sourcecode.swift; path = AddBalanceView.swift; sourceTree = "<group>"; };
		F45693D62C2EF93B00444967 /* SlotView.swift */ = {isa = PBXFileReference; lastKnownFileType = sourcecode.swift; path = SlotView.swift; sourceTree = "<group>"; };
		F45693D92C2F235D00444967 /* ModelViewOne.swift */ = {isa = PBXFileReference; lastKnownFileType = sourcecode.swift; path = ModelViewOne.swift; sourceTree = "<group>"; };
		F45693DB2C3C6F8B00444967 /* headerUser.swift */ = {isa = PBXFileReference; lastKnownFileType = sourcecode.swift; path = headerUser.swift; sourceTree = "<group>"; };
		F45693DD2C3C8EDC00444967 /* DepositView.swift */ = {isa = PBXFileReference; lastKnownFileType = sourcecode.swift; path = DepositView.swift; sourceTree = "<group>"; };
/* End PBXFileReference section */

/* Begin PBXFrameworksBuildPhase section */
		F456939B2C2D9B3100444967 /* Frameworks */ = {
			isa = PBXFrameworksBuildPhase;
			buildActionMask = 2147483647;
			files = (
			);
			runOnlyForDeploymentPostprocessing = 0;
		};
		F45693AB2C2D9B3300444967 /* Frameworks */ = {
			isa = PBXFrameworksBuildPhase;
			buildActionMask = 2147483647;
			files = (
			);
			runOnlyForDeploymentPostprocessing = 0;
		};
		F45693B52C2D9B3300444967 /* Frameworks */ = {
			isa = PBXFrameworksBuildPhase;
			buildActionMask = 2147483647;
			files = (
			);
			runOnlyForDeploymentPostprocessing = 0;
		};
/* End PBXFrameworksBuildPhase section */

/* Begin PBXGroup section */
		F45693952C2D9B3100444967 = {
			isa = PBXGroup;
			children = (
				F45693A02C2D9B3100444967 /* casinoslot */,
				F45693B12C2D9B3300444967 /* casinoslotTests */,
				F45693BB2C2D9B3300444967 /* casinoslotUITests */,
				F456939F2C2D9B3100444967 /* Products */,
			);
			sourceTree = "<group>";
		};
		F456939F2C2D9B3100444967 /* Products */ = {
			isa = PBXGroup;
			children = (
				F456939E2C2D9B3100444967 /* casinoslot.app */,
				F45693AE2C2D9B3300444967 /* casinoslotTests.xctest */,
				F45693B82C2D9B3300444967 /* casinoslotUITests.xctest */,
			);
			name = Products;
			sourceTree = "<group>";
		};
		F45693A02C2D9B3100444967 /* casinoslot */ = {
			isa = PBXGroup;
			children = (
				F45693D82C2F234800444967 /* ModelView */,
				F45693CD2C2D9BA500444967 /* View */,
				F45693A12C2D9B3100444967 /* casinoslotApp.swift */,
				F45693A32C2D9B3100444967 /* ContentView.swift */,
				F45693A52C2D9B3300444967 /* Assets.xcassets */,
			);
			path = casinoslot;
			sourceTree = "<group>";
		};
		F45693B12C2D9B3300444967 /* casinoslotTests */ = {
			isa = PBXGroup;
			children = (
				F45693B22C2D9B3300444967 /* casinoslotTests.swift */,
			);
			path = casinoslotTests;
			sourceTree = "<group>";
		};
		F45693BB2C2D9B3300444967 /* casinoslotUITests */ = {
			isa = PBXGroup;
			children = (
				F45693BC2C2D9B3300444967 /* casinoslotUITests.swift */,
				F45693BE2C2D9B3300444967 /* casinoslotUITestsLaunchTests.swift */,
			);
			path = casinoslotUITests;
			sourceTree = "<group>";
		};
		F45693CD2C2D9BA500444967 /* View */ = {
			isa = PBXGroup;
			children = (
				F45693CE2C2D9BBA00444967 /* HOMEVIEW.swift */,
				F45693D02C2D9D1D00444967 /* HeaderView.swift */,
				F45693D22C2DFCBA00444967 /* TabView.swift */,
				F45693D42C2EE2C900444967 /* AddBalanceView.swift */,
				F45693D62C2EF93B00444967 /* SlotView.swift */,
				F45693DB2C3C6F8B00444967 /* headerUser.swift */,
				F45693DD2C3C8EDC00444967 /* DepositView.swift */,
			);
			path = View;
			sourceTree = "<group>";
		};
		F45693D82C2F234800444967 /* ModelView */ = {
			isa = PBXGroup;
			children = (
				F45693D92C2F235D00444967 /* ModelViewOne.swift */,
			);
			path = ModelView;
			sourceTree = "<group>";
		};
/* End PBXGroup section */

/* Begin PBXNativeTarget section */
		F456939D2C2D9B3100444967 /* casinoslot */ = {
			isa = PBXNativeTarget;
			buildConfigurationList = F45693C22C2D9B3300444967 /* Build configuration list for PBXNativeTarget "casinoslot" */;
			buildPhases = (
				F456939A2C2D9B3100444967 /* Sources */,
				F456939B2C2D9B3100444967 /* Frameworks */,
				F456939C2C2D9B3100444967 /* Resources */,
			);
			buildRules = (
			);
			dependencies = (
			);
			name = casinoslot;
			productName = casinoslot;
			productReference = F456939E2C2D9B3100444967 /* casinoslot.app */;
			productType = "com.apple.product-type.application";
		};
		F45693AD2C2D9B3300444967 /* casinoslotTests */ = {
			isa = PBXNativeTarget;
			buildConfigurationList = F45693C52C2D9B3300444967 /* Build configuration list for PBXNativeTarget "casinoslotTests" */;
			buildPhases = (
				F45693AA2C2D9B3300444967 /* Sources */,
				F45693AB2C2D9B3300444967 /* Frameworks */,
				F45693AC2C2D9B3300444967 /* Resources */,
			);
			buildRules = (
			);
			dependencies = (
				F45693B02C2D9B3300444967 /* PBXTargetDependency */,
			);
			name = casinoslotTests;
			productName = casinoslotTests;
			productReference = F45693AE2C2D9B3300444967 /* casinoslotTests.xctest */;
			productType = "com.apple.product-type.bundle.unit-test";
		};
		F45693B72C2D9B3300444967 /* casinoslotUITests */ = {
			isa = PBXNativeTarget;
			buildConfigurationList = F45693C82C2D9B3300444967 /* Build configuration list for PBXNativeTarget "casinoslotUITests" */;
			buildPhases = (
				F45693B42C2D9B3300444967 /* Sources */,
				F45693B52C2D9B3300444967 /* Frameworks */,
				F45693B62C2D9B3300444967 /* Resources */,
			);
			buildRules = (
			);
			dependencies = (
				F45693BA2C2D9B3300444967 /* PBXTargetDependency */,
			);
			name = casinoslotUITests;
			productName = casinoslotUITests;
			productReference = F45693B82C2D9B3300444967 /* casinoslotUITests.xctest */;
			productType = "com.apple.product-type.bundle.ui-testing";
		};
/* End PBXNativeTarget section */

/* Begin PBXProject section */
		F45693962C2D9B3100444967 /* Project object */ = {
			isa = PBXProject;
			attributes = {
				BuildIndependentTargetsInParallel = 1;
				LastSwiftUpdateCheck = 1540;
				LastUpgradeCheck = 1540;
				TargetAttributes = {
					F456939D2C2D9B3100444967 = {
						CreatedOnToolsVersion = 15.4;
					};
					F45693AD2C2D9B3300444967 = {
						CreatedOnToolsVersion = 15.4;
						TestTargetID = F456939D2C2D9B3100444967;
					};
					F45693B72C2D9B3300444967 = {
						CreatedOnToolsVersion = 15.4;
						TestTargetID = F456939D2C2D9B3100444967;
					};
				};
			};
			buildConfigurationList = F45693992C2D9B3100444967 /* Build configuration list for PBXProject "casinoslot" */;
			compatibilityVersion = "Xcode 14.0";
			developmentRegion = en;
			hasScannedForEncodings = 0;
			knownRegions = (
				en,
				Base,
			);
			mainGroup = F45693952C2D9B3100444967;
			productRefGroup = F456939F2C2D9B3100444967 /* Products */;
			projectDirPath = "";
			projectRoot = "";
			targets = (
				F456939D2C2D9B3100444967 /* casinoslot */,
				F45693AD2C2D9B3300444967 /* casinoslotTests */,
				F45693B72C2D9B3300444967 /* casinoslotUITests */,
			);
		};
/* End PBXProject section */

/* Begin PBXResourcesBuildPhase section */
		F456939C2C2D9B3100444967 /* Resources */ = {
			isa = PBXResourcesBuildPhase;
			buildActionMask = 2147483647;
			files = (
				F45693A62C2D9B3300444967 /* Assets.xcassets in Resources */,
			);
			runOnlyForDeploymentPostprocessing = 0;
		};
		F45693AC2C2D9B3300444967 /* Resources */ = {
			isa = PBXResourcesBuildPhase;
			buildActionMask = 2147483647;
			files = (
			);
			runOnlyForDeploymentPostprocessing = 0;
		};
		F45693B62C2D9B3300444967 /* Resources */ = {
			isa = PBXResourcesBuildPhase;
			buildActionMask = 2147483647;
			files = (
			);
			runOnlyForDeploymentPostprocessing = 0;
		};
/* End PBXResourcesBuildPhase section */

/* Begin PBXSourcesBuildPhase section */
		F456939A2C2D9B3100444967 /* Sources */ = {
			isa = PBXSourcesBuildPhase;
			buildActionMask = 2147483647;
			files = (
				F45693D72C2EF93B00444967 /* SlotView.swift in Sources */,
				F45693D32C2DFCBA00444967 /* TabView.swift in Sources */,
				F45693D52C2EE2C900444967 /* AddBalanceView.swift in Sources */,
				F45693DA2C2F235D00444967 /* ModelViewOne.swift in Sources */,
				F45693A42C2D9B3100444967 /* ContentView.swift in Sources */,
				F45693A22C2D9B3100444967 /* casinoslotApp.swift in Sources */,
				F45693CF2C2D9BBA00444967 /* HOMEVIEW.swift in Sources */,
				F45693D12C2D9D1D00444967 /* HeaderView.swift in Sources */,
				F45693DC2C3C6F8B00444967 /* headerUser.swift in Sources */,
				F45693DE2C3C8EDC00444967 /* DepositView.swift in Sources */,
			);
			runOnlyForDeploymentPostprocessing = 0;
		};
		F45693AA2C2D9B3300444967 /* Sources */ = {
			isa = PBXSourcesBuildPhase;
			buildActionMask = 2147483647;
			files = (
				F45693B32C2D9B3300444967 /* casinoslotTests.swift in Sources */,
			);
			runOnlyForDeploymentPostprocessing = 0;
		};
		F45693B42C2D9B3300444967 /* Sources */ = {
			isa = PBXSourcesBuildPhase;
			buildActionMask = 2147483647;
			files = (
				F45693BD2C2D9B3300444967 /* casinoslotUITests.swift in Sources */,
				F45693BF2C2D9B3300444967 /* casinoslotUITestsLaunchTests.swift in Sources */,
			);
			runOnlyForDeploymentPostprocessing = 0;
		};
/* End PBXSourcesBuildPhase section */

/* Begin PBXTargetDependency section */
		F45693B02C2D9B3300444967 /* PBXTargetDependency */ = {
			isa = PBXTargetDependency;
			target = F456939D2C2D9B3100444967 /* casinoslot */;
			targetProxy = F45693AF2C2D9B3300444967 /* PBXContainerItemProxy */;
		};
		F45693BA2C2D9B3300444967 /* PBXTargetDependency */ = {
			isa = PBXTargetDependency;
			target = F456939D2C2D9B3100444967 /* casinoslot */;
			targetProxy = F45693B92C2D9B3300444967 /* PBXContainerItemProxy */;
		};
/* End PBXTargetDependency section */

/* Begin XCBuildConfiguration section */
		F45693C02C2D9B3300444967 /* Debug */ = {
			isa = XCBuildConfiguration;
			buildSettings = {
				ALWAYS_SEARCH_USER_PATHS = NO;
				ASSETCATALOG_COMPILER_GENERATE_SWIFT_ASSET_SYMBOL_EXTENSIONS = YES;
				CLANG_ANALYZER_NONNULL = YES;
				CLANG_ANALYZER_NUMBER_OBJECT_CONVERSION = YES_AGGRESSIVE;
				CLANG_CXX_LANGUAGE_STANDARD = "gnu++20";
				CLANG_ENABLE_MODULES = YES;
				CLANG_ENABLE_OBJC_ARC = YES;
				CLANG_ENABLE_OBJC_WEAK = YES;
				CLANG_WARN_BLOCK_CAPTURE_AUTORELEASING = YES;
				CLANG_WARN_BOOL_CONVERSION = YES;
				CLANG_WARN_COMMA = YES;
				CLANG_WARN_CONSTANT_CONVERSION = YES;
				CLANG_WARN_DEPRECATED_OBJC_IMPLEMENTATIONS = YES;
				CLANG_WARN_DIRECT_OBJC_ISA_USAGE = YES_ERROR;
				CLANG_WARN_DOCUMENTATION_COMMENTS = YES;
				CLANG_WARN_EMPTY_BODY = YES;
				CLANG_WARN_ENUM_CONVERSION = YES;
				CLANG_WARN_INFINITE_RECURSION = YES;
				CLANG_WARN_INT_CONVERSION = YES;
				CLANG_WARN_NON_LITERAL_NULL_CONVERSION = YES;
				CLANG_WARN_OBJC_IMPLICIT_RETAIN_SELF = YES;
				CLANG_WARN_OBJC_LITERAL_CONVERSION = YES;
				CLANG_WARN_OBJC_ROOT_CLASS = YES_ERROR;
				CLANG_WARN_QUOTED_INCLUDE_IN_FRAMEWORK_HEADER = YES;
				CLANG_WARN_RANGE_LOOP_ANALYSIS = YES;
				CLANG_WARN_STRICT_PROTOTYPES = YES;
				CLANG_WARN_SUSPICIOUS_MOVE = YES;
				CLANG_WARN_UNGUARDED_AVAILABILITY = YES_AGGRESSIVE;
				CLANG_WARN_UNREACHABLE_CODE = YES;
				CLANG_WARN__DUPLICATE_METHOD_MATCH = YES;
				COPY_PHASE_STRIP = NO;
				DEBUG_INFORMATION_FORMAT = dwarf;
				ENABLE_STRICT_OBJC_MSGSEND = YES;
				ENABLE_TESTABILITY = YES;
				ENABLE_USER_SCRIPT_SANDBOXING = YES;
				GCC_C_LANGUAGE_STANDARD = gnu17;
				GCC_DYNAMIC_NO_PIC = NO;
				GCC_NO_COMMON_BLOCKS = YES;
				GCC_OPTIMIZATION_LEVEL = 0;
				GCC_PREPROCESSOR_DEFINITIONS = (
					"DEBUG=1",
					"$(inherited)",
				);
				GCC_WARN_64_TO_32_BIT_CONVERSION = YES;
				GCC_WARN_ABOUT_RETURN_TYPE = YES_ERROR;
				GCC_WARN_UNDECLARED_SELECTOR = YES;
				GCC_WARN_UNINITIALIZED_AUTOS = YES_AGGRESSIVE;
				GCC_WARN_UNUSED_FUNCTION = YES;
				GCC_WARN_UNUSED_VARIABLE = YES;
				IPHONEOS_DEPLOYMENT_TARGET = 17.5;
				LOCALIZATION_PREFERS_STRING_CATALOGS = YES;
				MTL_ENABLE_DEBUG_INFO = INCLUDE_SOURCE;
				MTL_FAST_MATH = YES;
				ONLY_ACTIVE_ARCH = YES;
				SDKROOT = iphoneos;
				SWIFT_ACTIVE_COMPILATION_CONDITIONS = "DEBUG $(inherited)";
				SWIFT_OPTIMIZATION_LEVEL = "-Onone";
			};
			name = Debug;
		};
		F45693C12C2D9B3300444967 /* Release */ = {
			isa = XCBuildConfiguration;
			buildSettings = {
				ALWAYS_SEARCH_USER_PATHS = NO;
				ASSETCATALOG_COMPILER_GENERATE_SWIFT_ASSET_SYMBOL_EXTENSIONS = YES;
				CLANG_ANALYZER_NONNULL = YES;
				CLANG_ANALYZER_NUMBER_OBJECT_CONVERSION = YES_AGGRESSIVE;
				CLANG_CXX_LANGUAGE_STANDARD = "gnu++20";
				CLANG_ENABLE_MODULES = YES;
				CLANG_ENABLE_OBJC_ARC = YES;
				CLANG_ENABLE_OBJC_WEAK = YES;
				CLANG_WARN_BLOCK_CAPTURE_AUTORELEASING = YES;
				CLANG_WARN_BOOL_CONVERSION = YES;
				CLANG_WARN_COMMA = YES;
				CLANG_WARN_CONSTANT_CONVERSION = YES;
				CLANG_WARN_DEPRECATED_OBJC_IMPLEMENTATIONS = YES;
				CLANG_WARN_DIRECT_OBJC_ISA_USAGE = YES_ERROR;
				CLANG_WARN_DOCUMENTATION_COMMENTS = YES;
				CLANG_WARN_EMPTY_BODY = YES;
				CLANG_WARN_ENUM_CONVERSION = YES;
				CLANG_WARN_INFINITE_RECURSION = YES;
				CLANG_WARN_INT_CONVERSION = YES;
				CLANG_WARN_NON_LITERAL_NULL_CONVERSION = YES;
				CLANG_WARN_OBJC_IMPLICIT_RETAIN_SELF = YES;
				CLANG_WARN_OBJC_LITERAL_CONVERSION = YES;
				CLANG_WARN_OBJC_ROOT_CLASS = YES_ERROR;
				CLANG_WARN_QUOTED_INCLUDE_IN_FRAMEWORK_HEADER = YES;
				CLANG_WARN_RANGE_LOOP_ANALYSIS = YES;
				CLANG_WARN_STRICT_PROTOTYPES = YES;
				CLANG_WARN_SUSPICIOUS_MOVE = YES;
				CLANG_WARN_UNGUARDED_AVAILABILITY = YES_AGGRESSIVE;
				CLANG_WARN_UNREACHABLE_CODE = YES;
				CLANG_WARN__DUPLICATE_METHOD_MATCH = YES;
				COPY_PHASE_STRIP = NO;
				DEBUG_INFORMATION_FORMAT = "dwarf-with-dsym";
				ENABLE_NS_ASSERTIONS = NO;
				ENABLE_STRICT_OBJC_MSGSEND = YES;
				ENABLE_USER_SCRIPT_SANDBOXING = YES;
				GCC_C_LANGUAGE_STANDARD = gnu17;
				GCC_NO_COMMON_BLOCKS = YES;
				GCC_WARN_64_TO_32_BIT_CONVERSION = YES;
				GCC_WARN_ABOUT_RETURN_TYPE = YES_ERROR;
				GCC_WARN_UNDECLARED_SELECTOR = YES;
				GCC_WARN_UNINITIALIZED_AUTOS = YES_AGGRESSIVE;
				GCC_WARN_UNUSED_FUNCTION = YES;
				GCC_WARN_UNUSED_VARIABLE = YES;
				IPHONEOS_DEPLOYMENT_TARGET = 17.5;
				LOCALIZATION_PREFERS_STRING_CATALOGS = YES;
				MTL_ENABLE_DEBUG_INFO = NO;
				MTL_FAST_MATH = YES;
				SDKROOT = iphoneos;
				SWIFT_COMPILATION_MODE = wholemodule;
				VALIDATE_PRODUCT = YES;
			};
			name = Release;
		};
		F45693C32C2D9B3300444967 /* Debug */ = {
			isa = XCBuildConfiguration;
			buildSettings = {
				ASSETCATALOG_COMPILER_APPICON_NAME = AppIcon;
				ASSETCATALOG_COMPILER_GLOBAL_ACCENT_COLOR_NAME = AccentColor;
				CODE_SIGN_STYLE = Automatic;
				CURRENT_PROJECT_VERSION = 1;
				DEVELOPMENT_ASSET_PATHS = "\"casinoslot/Preview Content\"";
				DEVELOPMENT_TEAM = Y88M7L6GPF;
				ENABLE_PREVIEWS = YES;
				GENERATE_INFOPLIST_FILE = YES;
				INFOPLIST_KEY_UIApplicationSceneManifest_Generation = YES;
				INFOPLIST_KEY_UIApplicationSupportsIndirectInputEvents = YES;
				INFOPLIST_KEY_UILaunchScreen_Generation = YES;
				INFOPLIST_KEY_UISupportedInterfaceOrientations_iPad = "UIInterfaceOrientationPortrait UIInterfaceOrientationPortraitUpsideDown UIInterfaceOrientationLandscapeLeft UIInterfaceOrientationLandscapeRight";
				INFOPLIST_KEY_UISupportedInterfaceOrientations_iPhone = "UIInterfaceOrientationPortrait UIInterfaceOrientationLandscapeLeft UIInterfaceOrientationLandscapeRight";
				LD_RUNPATH_SEARCH_PATHS = (
					"$(inherited)",
					"@executable_path/Frameworks",
				);
				MARKETING_VERSION = 1.0;
				PRODUCT_BUNDLE_IDENTIFIER = StenioLima.casinoslot;
				PRODUCT_NAME = "$(TARGET_NAME)";
				SWIFT_EMIT_LOC_STRINGS = YES;
				SWIFT_VERSION = 5.0;
				TARGETED_DEVICE_FAMILY = "1,2";
			};
			name = Debug;
		};
		F45693C42C2D9B3300444967 /* Release */ = {
			isa = XCBuildConfiguration;
			buildSettings = {
				ASSETCATALOG_COMPILER_APPICON_NAME = AppIcon;
				ASSETCATALOG_COMPILER_GLOBAL_ACCENT_COLOR_NAME = AccentColor;
				CODE_SIGN_STYLE = Automatic;
				CURRENT_PROJECT_VERSION = 1;
				DEVELOPMENT_ASSET_PATHS = "\"casinoslot/Preview Content\"";
				DEVELOPMENT_TEAM = Y88M7L6GPF;
				ENABLE_PREVIEWS = YES;
				GENERATE_INFOPLIST_FILE = YES;
				INFOPLIST_KEY_UIApplicationSceneManifest_Generation = YES;
				INFOPLIST_KEY_UIApplicationSupportsIndirectInputEvents = YES;
				INFOPLIST_KEY_UILaunchScreen_Generation = YES;
				INFOPLIST_KEY_UISupportedInterfaceOrientations_iPad = "UIInterfaceOrientationPortrait UIInterfaceOrientationPortraitUpsideDown UIInterfaceOrientationLandscapeLeft UIInterfaceOrientationLandscapeRight";
				INFOPLIST_KEY_UISupportedInterfaceOrientations_iPhone = "UIInterfaceOrientationPortrait UIInterfaceOrientationLandscapeLeft UIInterfaceOrientationLandscapeRight";
				LD_RUNPATH_SEARCH_PATHS = (
					"$(inherited)",
					"@executable_path/Frameworks",
				);
				MARKETING_VERSION = 1.0;
				PRODUCT_BUNDLE_IDENTIFIER = StenioLima.casinoslot;
				PRODUCT_NAME = "$(TARGET_NAME)";
				SWIFT_EMIT_LOC_STRINGS = YES;
				SWIFT_VERSION = 5.0;
				TARGETED_DEVICE_FAMILY = "1,2";
			};
			name = Release;
		};
		F45693C62C2D9B3300444967 /* Debug */ = {
			isa = XCBuildConfiguration;
			buildSettings = {
				ALWAYS_EMBED_SWIFT_STANDARD_LIBRARIES = YES;
				BUNDLE_LOADER = "$(TEST_HOST)";
				CODE_SIGN_STYLE = Automatic;
				CURRENT_PROJECT_VERSION = 1;
				DEVELOPMENT_TEAM = Y88M7L6GPF;
				GENERATE_INFOPLIST_FILE = YES;
				IPHONEOS_DEPLOYMENT_TARGET = 17.5;
				MARKETING_VERSION = 1.0;
				PRODUCT_BUNDLE_IDENTIFIER = StenioLima.casinoslotTests;
				PRODUCT_NAME = "$(TARGET_NAME)";
				SWIFT_EMIT_LOC_STRINGS = NO;
				SWIFT_VERSION = 5.0;
				TARGETED_DEVICE_FAMILY = "1,2";
				TEST_HOST = "$(BUILT_PRODUCTS_DIR)/casinoslot.app/$(BUNDLE_EXECUTABLE_FOLDER_PATH)/casinoslot";
			};
			name = Debug;
		};
		F45693C72C2D9B3300444967 /* Release */ = {
			isa = XCBuildConfiguration;
			buildSettings = {
				ALWAYS_EMBED_SWIFT_STANDARD_LIBRARIES = YES;
				BUNDLE_LOADER = "$(TEST_HOST)";
				CODE_SIGN_STYLE = Automatic;
				CURRENT_PROJECT_VERSION = 1;
				DEVELOPMENT_TEAM = Y88M7L6GPF;
				GENERATE_INFOPLIST_FILE = YES;
				IPHONEOS_DEPLOYMENT_TARGET = 17.5;
				MARKETING_VERSION = 1.0;
				PRODUCT_BUNDLE_IDENTIFIER = StenioLima.casinoslotTests;
				PRODUCT_NAME = "$(TARGET_NAME)";
				SWIFT_EMIT_LOC_STRINGS = NO;
				SWIFT_VERSION = 5.0;
				TARGETED_DEVICE_FAMILY = "1,2";
				TEST_HOST = "$(BUILT_PRODUCTS_DIR)/casinoslot.app/$(BUNDLE_EXECUTABLE_FOLDER_PATH)/casinoslot";
			};
			name = Release;
		};
		F45693C92C2D9B3300444967 /* Debug */ = {
			isa = XCBuildConfiguration;
			buildSettings = {
				ALWAYS_EMBED_SWIFT_STANDARD_LIBRARIES = YES;
				CODE_SIGN_STYLE = Automatic;
				CURRENT_PROJECT_VERSION = 1;
				DEVELOPMENT_TEAM = Y88M7L6GPF;
				GENERATE_INFOPLIST_FILE = YES;
				MARKETING_VERSION = 1.0;
				PRODUCT_BUNDLE_IDENTIFIER = StenioLima.casinoslotUITests;
				PRODUCT_NAME = "$(TARGET_NAME)";
				SWIFT_EMIT_LOC_STRINGS = NO;
				SWIFT_VERSION = 5.0;
				TARGETED_DEVICE_FAMILY = "1,2";
				TEST_TARGET_NAME = casinoslot;
			};
			name = Debug;
		};
		F45693CA2C2D9B3300444967 /* Release */ = {
			isa = XCBuildConfiguration;
			buildSettings = {
				ALWAYS_EMBED_SWIFT_STANDARD_LIBRARIES = YES;
				CODE_SIGN_STYLE = Automatic;
				CURRENT_PROJECT_VERSION = 1;
				DEVELOPMENT_TEAM = Y88M7L6GPF;
				GENERATE_INFOPLIST_FILE = YES;
				MARKETING_VERSION = 1.0;
				PRODUCT_BUNDLE_IDENTIFIER = StenioLima.casinoslotUITests;
				PRODUCT_NAME = "$(TARGET_NAME)";
				SWIFT_EMIT_LOC_STRINGS = NO;
				SWIFT_VERSION = 5.0;
				TARGETED_DEVICE_FAMILY = "1,2";
				TEST_TARGET_NAME = casinoslot;
			};
			name = Release;
		};
/* End XCBuildConfiguration section */

/* Begin XCConfigurationList section */
		F45693992C2D9B3100444967 /* Build configuration list for PBXProject "casinoslot" */ = {
			isa = XCConfigurationList;
			buildConfigurations = (
				F45693C02C2D9B3300444967 /* Debug */,
				F45693C12C2D9B3300444967 /* Release */,
			);
			defaultConfigurationIsVisible = 0;
			defaultConfigurationName = Release;
		};
		F45693C22C2D9B3300444967 /* Build configuration list for PBXNativeTarget "casinoslot" */ = {
			isa = XCConfigurationList;
			buildConfigurations = (
				F45693C32C2D9B3300444967 /* Debug */,
				F45693C42C2D9B3300444967 /* Release */,
			);
			defaultConfigurationIsVisible = 0;
			defaultConfigurationName = Release;
		};
		F45693C52C2D9B3300444967 /* Build configuration list for PBXNativeTarget "casinoslotTests" */ = {
			isa = XCConfigurationList;
			buildConfigurations = (
				F45693C62C2D9B3300444967 /* Debug */,
				F45693C72C2D9B3300444967 /* Release */,
			);
			defaultConfigurationIsVisible = 0;
			defaultConfigurationName = Release;
		};
		F45693C82C2D9B3300444967 /* Build configuration list for PBXNativeTarget "casinoslotUITests" */ = {
			isa = XCConfigurationList;
			buildConfigurations = (
				F45693C92C2D9B3300444967 /* Debug */,
				F45693CA2C2D9B3300444967 /* Release */,
			);
			defaultConfigurationIsVisible = 0;
			defaultConfigurationName = Release;
		};
/* End XCConfigurationList section */
	};
	rootObject = F45693962C2D9B3100444967 /* Project object */;
}
